
Microsoft Visual Studio Solution File, Format Version 12.00
# Visual Studio Version 17
VisualStudioVersion = 17.9.34701.34
MinimumVisualStudioVersion = 10.0.40219.1
Project("{FAE04EC0-301F-11D3-BF4B-00C04F79EFBC}") = "Notes", "Notes\Notes.csproj", "{922B6AAA-E159-4319-885F-94FEB5387782}"
EndProject
Global
	GlobalSection(SolutionConfigurationPlatforms) = preSolution
		Debug|Any CPU = Debug|Any CPU
		Release|Any CPU = Release|Any CPU
	EndGlobalSection
	GlobalSection(ProjectConfigurationPlatforms) = postSolution
		{922B6AAA-E159-4319-885F-94FEB5387782}.Debug|Any CPU.ActiveCfg = Debug|Any CPU
		{922B6AAA-E159-4319-885F-94FEB5387782}.Debug|Any CPU.Build.0 = Debug|Any CPU
		{922B6AAA-E159-4319-885F-94FEB5387782}.Debug|Any CPU.Deploy.0 = Debug|Any CPU
		{922B6AAA-E159-4319-885F-94FEB5387782}.Release|Any CPU.ActiveCfg = Release|Any CPU
		{922B6AAA-E159-4319-885F-94FEB5387782}.Release|Any CPU.Build.0 = Release|Any CPU
		{922B6AAA-E159-4319-885F-94FEB5387782}.Release|Any CPU.Deploy.0 = Release|Any CPU
	EndGlobalSection
	GlobalSection(SolutionProperties) = preSolution
		HideSolutionNode = FALSE
	EndGlobalSection
	GlobalSection(ExtensibilityGlobals) = postSolution
		SolutionGuid = {C0783461-BB0A-4076-922D-E2BB6524B149}
	EndGlobalSection
EndGlobal
